
Microsoft Visual Studio Solution File, Format Version 12.00
# Visual Studio Version 17
VisualStudioVersion = 17.0.31717.71
MinimumVisualStudioVersion = 10.0.40219.1
Project("{9A19103F-16F7-4668-BE54-9A1E7A4F7556}") = "OnlineShop_WebClient", "OnlineShop_WebClient.csproj", "{266F6119-62C5-4DFC-B8C4-F1F11B14B4BC}"
EndProject
Global
	GlobalSection(SolutionConfigurationPlatforms) = preSolution
		Debug|Any CPU = Debug|Any CPU
		Release|Any CPU = Release|Any CPU
	EndGlobalSection
	GlobalSection(ProjectConfigurationPlatforms) = postSolution
		{266F6119-62C5-4DFC-B8C4-F1F11B14B4BC}.Debug|Any CPU.ActiveCfg = Debug|Any CPU
		{266F6119-62C5-4DFC-B8C4-F1F11B14B4BC}.Debug|Any CPU.Build.0 = Debug|Any CPU
		{266F6119-62C5-4DFC-B8C4-F1F11B14B4BC}.Release|Any CPU.ActiveCfg = Release|Any CPU
		{266F6119-62C5-4DFC-B8C4-F1F11B14B4BC}.Release|Any CPU.Build.0 = Release|Any CPU
	EndGlobalSection
	GlobalSection(SolutionProperties) = preSolution
		HideSolutionNode = FALSE
	EndGlobalSection
	GlobalSection(ExtensibilityGlobals) = postSolution
		SolutionGuid = {4234FBE1-4718-433C-BF9A-A07335CFCE8D}
	EndGlobalSection
EndGlobal